// !$*UTF8*$!
{
	archiveVersion = 1;
	classes = {
	};
	objectVersion = 46;
	objects = {

/* Begin PBXBuildFile section */
		00D0552F1C2FB0A30018B8D4 /* AppDelegate.swift in Sources */ = {isa = PBXBuildFile; fileRef = 00D0552E1C2FB0A20018B8D4 /* AppDelegate.swift */; };
		00D055311C2FB0A30018B8D4 /* ViewController.swift in Sources */ = {isa = PBXBuildFile; fileRef = 00D055301C2FB0A30018B8D4 /* ViewController.swift */; };
		00D055341C2FB0A30018B8D4 /* Main.storyboard in Resources */ = {isa = PBXBuildFile; fileRef = 00D055321C2FB0A30018B8D4 /* Main.storyboard */; };
		00D055361C2FB0A30018B8D4 /* Assets.xcassets in Resources */ = {isa = PBXBuildFile; fileRef = 00D055351C2FB0A30018B8D4 /* Assets.xcassets */; };
		00D055391C2FB0A30018B8D4 /* LaunchScreen.storyboard in Resources */ = {isa = PBXBuildFile; fileRef = 00D055371C2FB0A30018B8D4 /* LaunchScreen.storyboard */; };
		00D055471C2FBA2C0018B8D4 /* ActionViewController.swift in Sources */ = {isa = PBXBuildFile; fileRef = 00D055461C2FBA2C0018B8D4 /* ActionViewController.swift */; };
		00D0554A1C2FBA2C0018B8D4 /* MainInterface.storyboard in Resources */ = {isa = PBXBuildFile; fileRef = 00D055481C2FBA2C0018B8D4 /* MainInterface.storyboard */; };
		00D0554E1C2FBA2C0018B8D4 /* Extension.appex in Embed App Extensions */ = {isa = PBXBuildFile; fileRef = 00D055441C2FBA2C0018B8D4 /* Extension.appex */; settings = {ATTRIBUTES = (RemoveHeadersOnCopy, ); }; };
		00D055541C2FC5140018B8D4 /* Action.js in Resources */ = {isa = PBXBuildFile; fileRef = 00D055531C2FC5140018B8D4 /* Action.js */; };
/* End PBXBuildFile section */

/* Begin PBXContainerItemProxy section */
		00D0554C1C2FBA2C0018B8D4 /* PBXContainerItemProxy */ = {
			isa = PBXContainerItemProxy;
			containerPortal = 00D055231C2FB0A20018B8D4 /* Project object */;
			proxyType = 1;
			remoteGlobalIDString = 00D055431C2FBA2C0018B8D4;
			remoteInfo = Extension;
		};
/* End PBXContainerItemProxy section */

/* Begin PBXCopyFilesBuildPhase section */
		00D055521C2FBA2C0018B8D4 /* Embed App Extensions */ = {
			isa = PBXCopyFilesBuildPhase;
			buildActionMask = 2147483647;
			dstPath = "";
			dstSubfolderSpec = 13;
			files = (
				00D0554E1C2FBA2C0018B8D4 /* Extension.appex in Embed App Extensions */,
			);
			name = "Embed App Extensions";
			runOnlyForDeploymentPostprocessing = 0;
		};
/* End PBXCopyFilesBuildPhase section */

/* Begin PBXFileReference section */
		00D0552B1C2FB0A20018B8D4 /* SafariExtension.app */ = {isa = PBXFileReference; explicitFileType = wrapper.application; includeInIndex = 0; path = SafariExtension.app; sourceTree = BUILT_PRODUCTS_DIR; };
		00D0552E1C2FB0A20018B8D4 /* AppDelegate.swift */ = {isa = PBXFileReference; lastKnownFileType = sourcecode.swift; path = AppDelegate.swift; sourceTree = "<group>"; };
		00D055301C2FB0A30018B8D4 /* ViewController.swift */ = {isa = PBXFileReference; lastKnownFileType = sourcecode.swift; path = ViewController.swift; sourceTree = "<group>"; };
		00D055331C2FB0A30018B8D4 /* Base */ = {isa = PBXFileReference; lastKnownFileType = file.storyboard; name = Base; path = Base.lproj/Main.storyboard; sourceTree = "<group>"; };
		00D055351C2FB0A30018B8D4 /* Assets.xcassets */ = {isa = PBXFileReference; lastKnownFileType = folder.assetcatalog; path = Assets.xcassets; sourceTree = "<group>"; };
		00D055381C2FB0A30018B8D4 /* Base */ = {isa = PBXFileReference; lastKnownFileType = file.storyboard; name = Base; path = Base.lproj/LaunchScreen.storyboard; sourceTree = "<group>"; };
		00D0553A1C2FB0A30018B8D4 /* Info.plist */ = {isa = PBXFileReference; lastKnownFileType = text.plist.xml; path = Info.plist; sourceTree = "<group>"; };
		00D055441C2FBA2C0018B8D4 /* Extension.appex */ = {isa = PBXFileReference; explicitFileType = "wrapper.app-extension"; includeInIndex = 0; path = Extension.appex; sourceTree = BUILT_PRODUCTS_DIR; };
		00D055461C2FBA2C0018B8D4 /* ActionViewController.swift */ = {isa = PBXFileReference; lastKnownFileType = sourcecode.swift; path = ActionViewController.swift; sourceTree = "<group>"; };
		00D055491C2FBA2C0018B8D4 /* Base */ = {isa = PBXFileReference; lastKnownFileType = file.storyboard; name = Base; path = Base.lproj/MainInterface.storyboard; sourceTree = "<group>"; };
		00D0554B1C2FBA2C0018B8D4 /* Info.plist */ = {isa = PBXFileReference; lastKnownFileType = text.plist.xml; path = Info.plist; sourceTree = "<group>"; };
		00D055531C2FC5140018B8D4 /* Action.js */ = {isa = PBXFileReference; fileEncoding = 4; lastKnownFileType = sourcecode.javascript; path = Action.js; sourceTree = "<group>"; };
/* End PBXFileReference section */

/* Begin PBXFrameworksBuildPhase section */
		00D055281C2FB0A20018B8D4 /* Frameworks */ = {
			isa = PBXFrameworksBuildPhase;
			buildActionMask = 2147483647;
			files = (
			);
			runOnlyForDeploymentPostprocessing = 0;
		};
		00D055411C2FBA2C0018B8D4 /* Frameworks */ = {
			isa = PBXFrameworksBuildPhase;
			buildActionMask = 2147483647;
			files = (
			);
			runOnlyForDeploymentPostprocessing = 0;
		};
/* End PBXFrameworksBuildPhase section */

/* Begin PBXGroup section */
		00D055221C2FB0A20018B8D4 = {
			isa = PBXGroup;
			children = (
				00D0552D1C2FB0A20018B8D4 /* SafariExtension */,
				00D055451C2FBA2C0018B8D4 /* Extension */,
				00D0552C1C2FB0A20018B8D4 /* Products */,
			);
			sourceTree = "<group>";
		};
		00D0552C1C2FB0A20018B8D4 /* Products */ = {
			isa = PBXGroup;
			children = (
				00D0552B1C2FB0A20018B8D4 /* SafariExtension.app */,
				00D055441C2FBA2C0018B8D4 /* Extension.appex */,
			);
			name = Products;
			sourceTree = "<group>";
		};
		00D0552D1C2FB0A20018B8D4 /* SafariExtension */ = {
			isa = PBXGroup;
			children = (
				00D0552E1C2FB0A20018B8D4 /* AppDelegate.swift */,
				00D055301C2FB0A30018B8D4 /* ViewController.swift */,
				00D055321C2FB0A30018B8D4 /* Main.storyboard */,
				00D055351C2FB0A30018B8D4 /* Assets.xcassets */,
				00D055371C2FB0A30018B8D4 /* LaunchScreen.storyboard */,
				00D0553A1C2FB0A30018B8D4 /* Info.plist */,
			);
			path = SafariExtension;
			sourceTree = "<group>";
		};
		00D055451C2FBA2C0018B8D4 /* Extension */ = {
			isa = PBXGroup;
			children = (
				00D055461C2FBA2C0018B8D4 /* ActionViewController.swift */,
				00D055481C2FBA2C0018B8D4 /* MainInterface.storyboard */,
				00D0554B1C2FBA2C0018B8D4 /* Info.plist */,
				00D055531C2FC5140018B8D4 /* Action.js */,
			);
			path = Extension;
			sourceTree = "<group>";
		};
/* End PBXGroup section */

/* Begin PBXNativeTarget section */
		00D0552A1C2FB0A20018B8D4 /* SafariExtension */ = {
			isa = PBXNativeTarget;
			buildConfigurationList = 00D0553D1C2FB0A30018B8D4 /* Build configuration list for PBXNativeTarget "SafariExtension" */;
			buildPhases = (
				00D055271C2FB0A20018B8D4 /* Sources */,
				00D055281C2FB0A20018B8D4 /* Frameworks */,
				00D055291C2FB0A20018B8D4 /* Resources */,
				00D055521C2FBA2C0018B8D4 /* Embed App Extensions */,
			);
			buildRules = (
			);
			dependencies = (
				00D0554D1C2FBA2C0018B8D4 /* PBXTargetDependency */,
			);
			name = SafariExtension;
			productName = SafariExtension;
			productReference = 00D0552B1C2FB0A20018B8D4 /* SafariExtension.app */;
			productType = "com.apple.product-type.application";
		};
		00D055431C2FBA2C0018B8D4 /* Extension */ = {
			isa = PBXNativeTarget;
			buildConfigurationList = 00D0554F1C2FBA2C0018B8D4 /* Build configuration list for PBXNativeTarget "Extension" */;
			buildPhases = (
				00D055401C2FBA2C0018B8D4 /* Sources */,
				00D055411C2FBA2C0018B8D4 /* Frameworks */,
				00D055421C2FBA2C0018B8D4 /* Resources */,
			);
			buildRules = (
			);
			dependencies = (
			);
			name = Extension;
			productName = Extension;
			productReference = 00D055441C2FBA2C0018B8D4 /* Extension.appex */;
			productType = "com.apple.product-type.app-extension";
		};
/* End PBXNativeTarget section */

/* Begin PBXProject section */
		00D055231C2FB0A20018B8D4 /* Project object */ = {
			isa = PBXProject;
			attributes = {
				LastSwiftUpdateCheck = 0710;
				LastUpgradeCheck = 0710;
				ORGANIZATIONNAME = bromodachi;
				TargetAttributes = {
					00D0552A1C2FB0A20018B8D4 = {
						CreatedOnToolsVersion = 7.1.1;
					};
					00D055431C2FBA2C0018B8D4 = {
						CreatedOnToolsVersion = 7.1.1;
					};
				};
			};
			buildConfigurationList = 00D055261C2FB0A20018B8D4 /* Build configuration list for PBXProject "SafariExtension" */;
			compatibilityVersion = "Xcode 3.2";
			developmentRegion = English;
			hasScannedForEncodings = 0;
			knownRegions = (
				en,
				Base,
			);
			mainGroup = 00D055221C2FB0A20018B8D4;
			productRefGroup = 00D0552C1C2FB0A20018B8D4 /* Products */;
			projectDirPath = "";
			projectRoot = "";
			targets = (
				00D0552A1C2FB0A20018B8D4 /* SafariExtension */,
				00D055431C2FBA2C0018B8D4 /* Extension */,
			);
		};
/* End PBXProject section */

/* Begin PBXResourcesBuildPhase section */
		00D055291C2FB0A20018B8D4 /* Resources */ = {
			isa = PBXResourcesBuildPhase;
			buildActionMask = 2147483647;
			files = (
				00D055391C2FB0A30018B8D4 /* LaunchScreen.storyboard in Resources */,
				00D055361C2FB0A30018B8D4 /* Assets.xcassets in Resources */,
				00D055341C2FB0A30018B8D4 /* Main.storyboard in Resources */,
			);
			runOnlyForDeploymentPostprocessing = 0;
		};
		00D055421C2FBA2C0018B8D4 /* Resources */ = {
			isa = PBXResourcesBuildPhase;
			buildActionMask = 2147483647;
			files = (
				00D055541C2FC5140018B8D4 /* Action.js in Resources */,
				00D0554A1C2FBA2C0018B8D4 /* MainInterface.storyboard in Resources */,
			);
			runOnlyForDeploymentPostprocessing = 0;
		};
/* End PBXResourcesBuildPhase section */

/* Begin PBXSourcesBuildPhase section */
		00D055271C2FB0A20018B8D4 /* Sources */ = {
			isa = PBXSourcesBuildPhase;
			buildActionMask = 2147483647;
			files = (
				00D055311C2FB0A30018B8D4 /* ViewController.swift in Sources */,
				00D0552F1C2FB0A30018B8D4 /* AppDelegate.swift in Sources */,
			);
			runOnlyForDeploymentPostprocessing = 0;
		};
		00D055401C2FBA2C0018B8D4 /* Sources */ = {
			isa = PBXSourcesBuildPhase;
			buildActionMask = 2147483647;
			files = (
				00D055471C2FBA2C0018B8D4 /* ActionViewController.swift in Sources */,
			);
			runOnlyForDeploymentPostprocessing = 0;
		};
/* End PBXSourcesBuildPhase section */

/* Begin PBXTargetDependency section */
		00D0554D1C2FBA2C0018B8D4 /* PBXTargetDependency */ = {
			isa = PBXTargetDependency;
			target = 00D055431C2FBA2C0018B8D4 /* Extension */;
			targetProxy = 00D0554C1C2FBA2C0018B8D4 /* PBXContainerItemProxy */;
		};
/* End PBXTargetDependency section */

/* Begin PBXVariantGroup section */
		00D055321C2FB0A30018B8D4 /* Main.storyboard */ = {
			isa = PBXVariantGroup;
			children = (
				00D055331C2FB0A30018B8D4 /* Base */,
			);
			name = Main.storyboard;
			sourceTree = "<group>";
		};
		00D055371C2FB0A30018B8D4 /* LaunchScreen.storyboard */ = {
			isa = PBXVariantGroup;
			children = (
				00D055381C2FB0A30018B8D4 /* Base */,
			);
			name = LaunchScreen.storyboard;
			sourceTree = "<group>";
		};
		00D055481C2FBA2C0018B8D4 /* MainInterface.storyboard */ = {
			isa = PBXVariantGroup;
			children = (
				00D055491C2FBA2C0018B8D4 /* Base */,
			);
			name = MainInterface.storyboard;
			sourceTree = "<group>";
		};
/* End PBXVariantGroup section */

/* Begin XCBuildConfiguration section */
		00D0553B1C2FB0A30018B8D4 /* Debug */ = {
			isa = XCBuildConfiguration;
			buildSettings = {
				ALWAYS_SEARCH_USER_PATHS = NO;
				CLANG_CXX_LANGUAGE_STANDARD = "gnu++0x";
				CLANG_CXX_LIBRARY = "libc++";
				CLANG_ENABLE_MODULES = YES;
				CLANG_ENABLE_OBJC_ARC = YES;
				CLANG_WARN_BOOL_CONVERSION = YES;
				CLANG_WARN_CONSTANT_CONVERSION = YES;
				CLANG_WARN_DIRECT_OBJC_ISA_USAGE = YES_ERROR;
				CLANG_WARN_EMPTY_BODY = YES;
				CLANG_WARN_ENUM_CONVERSION = YES;
				CLANG_WARN_INT_CONVERSION = YES;
				CLANG_WARN_OBJC_ROOT_CLASS = YES_ERROR;
				CLANG_WARN_UNREACHABLE_CODE = YES;
				CLANG_WARN__DUPLICATE_METHOD_MATCH = YES;
				"CODE_SIGN_IDENTITY[sdk=iphoneos*]" = "iPhone Developer";
				COPY_PHASE_STRIP = NO;
				DEBUG_INFORMATION_FORMAT = dwarf;
				ENABLE_STRICT_OBJC_MSGSEND = YES;
				ENABLE_TESTABILITY = YES;
				GCC_C_LANGUAGE_STANDARD = gnu99;
				GCC_DYNAMIC_NO_PIC = NO;
				GCC_NO_COMMON_BLOCKS = YES;
				GCC_OPTIMIZATION_LEVEL = 0;
				GCC_PREPROCESSOR_DEFINITIONS = (
					"DEBUG=1",
					"$(inherited)",
				);
				GCC_WARN_64_TO_32_BIT_CONVERSION = YES;
				GCC_WARN_ABOUT_RETURN_TYPE = YES_ERROR;
				GCC_WARN_UNDECLARED_SELECTOR = YES;
				GCC_WARN_UNINITIALIZED_AUTOS = YES_AGGRESSIVE;
				GCC_WARN_UNUSED_FUNCTION = YES;
				GCC_WARN_UNUSED_VARIABLE = YES;
				IPHONEOS_DEPLOYMENT_TARGET = 9.1;
				MTL_ENABLE_DEBUG_INFO = YES;
				ONLY_ACTIVE_ARCH = YES;
				SDKROOT = iphoneos;
				SWIFT_OPTIMIZATION_LEVEL = "-Onone";
			};
			name = Debug;
		};
		00D0553C1C2FB0A30018B8D4 /* Release */ = {
			isa = XCBuildConfiguration;
			buildSettings = {
				ALWAYS_SEARCH_USER_PATHS = NO;
				CLANG_CXX_LANGUAGE_STANDARD = "gnu++0x";
				CLANG_CXX_LIBRARY = "libc++";
				CLANG_ENABLE_MODULES = YES;
				CLANG_ENABLE_OBJC_ARC = YES;
				CLANG_WARN_BOOL_CONVERSION = YES;
				CLANG_WARN_CONSTANT_CONVERSION = YES;
				CLANG_WARN_DIRECT_OBJC_ISA_USAGE = YES_ERROR;
				CLANG_WARN_EMPTY_BODY = YES;
				CLANG_WARN_ENUM_CONVERSION = YES;
				CLANG_WARN_INT_CONVERSION = YES;
				CLANG_WARN_OBJC_ROOT_CLASS = YES_ERROR;
				CLANG_WARN_UNREACHABLE_CODE = YES;
				CLANG_WARN__DUPLICATE_METHOD_MATCH = YES;
				"CODE_SIGN_IDENTITY[sdk=iphoneos*]" = "iPhone Developer";
				COPY_PHASE_STRIP = NO;
				DEBUG_INFORMATION_FORMAT = "dwarf-with-dsym";
				ENABLE_NS_ASSERTIONS = NO;
				ENABLE_STRICT_OBJC_MSGSEND = YES;
				GCC_C_LANGUAGE_STANDARD = gnu99;
				GCC_NO_COMMON_BLOCKS = YES;
				GCC_WARN_64_TO_32_BIT_CONVERSION = YES;
				GCC_WARN_ABOUT_RETURN_TYPE = YES_ERROR;
				GCC_WARN_UNDECLARED_SELECTOR = YES;
				GCC_WARN_UNINITIALIZED_AUTOS = YES_AGGRESSIVE;
				GCC_WARN_UNUSED_FUNCTION = YES;
				GCC_WARN_UNUSED_VARIABLE = YES;
				IPHONEOS_DEPLOYMENT_TARGET = 9.1;
				MTL_ENABLE_DEBUG_INFO = NO;
				SDKROOT = iphoneos;
				VALIDATE_PRODUCT = YES;
			};
			name = Release;
		};
		00D0553E1C2FB0A30018B8D4 /* Debug */ = {
			isa = XCBuildConfiguration;
			buildSettings = {
				ASSETCATALOG_COMPILER_APPICON_NAME = AppIcon;
				EMBEDDED_CONTENT_CONTAINS_SWIFT = YES;
				INFOPLIST_FILE = SafariExtension/Info.plist;
				LD_RUNPATH_SEARCH_PATHS = "$(inherited) @executable_path/Frameworks";
				PRODUCT_BUNDLE_IDENTIFIER = practicingSwift.SafariExtension;
				PRODUCT_NAME = "$(TARGET_NAME)";
			};
			name = Debug;
		};
		00D0553F1C2FB0A30018B8D4 /* Release */ = {
			isa = XCBuildConfiguration;
			buildSettings = {
				ASSETCATALOG_COMPILER_APPICON_NAME = AppIcon;
				EMBEDDED_CONTENT_CONTAINS_SWIFT = YES;
				INFOPLIST_FILE = SafariExtension/Info.plist;
				LD_RUNPATH_SEARCH_PATHS = "$(inherited) @executable_path/Frameworks";
				PRODUCT_BUNDLE_IDENTIFIER = practicingSwift.SafariExtension;
				PRODUCT_NAME = "$(TARGET_NAME)";
			};
			name = Release;
		};
		00D055501C2FBA2C0018B8D4 /* Debug */ = {
			isa = XCBuildConfiguration;
			buildSettings = {
				INFOPLIST_FILE = Extension/Info.plist;
				LD_RUNPATH_SEARCH_PATHS = "$(inherited) @executable_path/Frameworks @executable_path/../../Frameworks";
				PRODUCT_BUNDLE_IDENTIFIER = practicingSwift.SafariExtension.Extension;
				PRODUCT_NAME = "$(TARGET_NAME)";
				SKIP_INSTALL = YES;
			};
			name = Debug;
		};
		00D055511C2FBA2C0018B8D4 /* Release */ = {
			isa = XCBuildConfiguration;
			buildSettings = {
				INFOPLIST_FILE = Extension/Info.plist;
				LD_RUNPATH_SEARCH_PATHS = "$(inherited) @executable_path/Frameworks @executable_path/../../Frameworks";
				PRODUCT_BUNDLE_IDENTIFIER = practicingSwift.SafariExtension.Extension;
				PRODUCT_NAME = "$(TARGET_NAME)";
				SKIP_INSTALL = YES;
			};
			name = Release;
		};
/* End XCBuildConfiguration section */

/* Begin XCConfigurationList section */
		00D055261C2FB0A20018B8D4 /* Build configuration list for PBXProject "SafariExtension" */ = {
			isa = XCConfigurationList;
			buildConfigurations = (
				00D0553B1C2FB0A30018B8D4 /* Debug */,
				00D0553C1C2FB0A30018B8D4 /* Release */,
			);
			defaultConfigurationIsVisible = 0;
			defaultConfigurationName = Release;
		};
		00D0553D1C2FB0A30018B8D4 /* Build configuration list for PBXNativeTarget "SafariExtension" */ = {
			isa = XCConfigurationList;
			buildConfigurations = (
				00D0553E1C2FB0A30018B8D4 /* Debug */,
				00D0553F1C2FB0A30018B8D4 /* Release */,
			);
			defaultConfigurationIsVisible = 0;
		};
		00D0554F1C2FBA2C0018B8D4 /* Build configuration list for PBXNativeTarget "Extension" */ = {
			isa = XCConfigurationList;
			buildConfigurations = (
				00D055501C2FBA2C0018B8D4 /* Debug */,
				00D055511C2FBA2C0018B8D4 /* Release */,
			);
			defaultConfigurationIsVisible = 0;
		};
/* End XCConfigurationList section */
	};
	rootObject = 00D055231C2FB0A20018B8D4 /* Project object */;
}
