// !$*UTF8*$!
{
	archiveVersion = 1;
	classes = {
	};
	objectVersion = 46;
	objects = {

/* Begin PBXBuildFile section */
		001C85AE1BF8EB30002ACD8E /* AppDelegate.swift in Sources */ = {isa = PBXBuildFile; fileRef = 001C85AD1BF8EB30002ACD8E /* AppDelegate.swift */; };
		001C85B01BF8EB30002ACD8E /* MasterViewController.swift in Sources */ = {isa = PBXBuildFile; fileRef = 001C85AF1BF8EB30002ACD8E /* MasterViewController.swift */; };
		001C85B21BF8EB30002ACD8E /* DetailViewController.swift in Sources */ = {isa = PBXBuildFile; fileRef = 001C85B11BF8EB30002ACD8E /* DetailViewController.swift */; };
		001C85B51BF8EB30002ACD8E /* Main.storyboard in Resources */ = {isa = PBXBuildFile; fileRef = 001C85B31BF8EB30002ACD8E /* Main.storyboard */; };
		001C85B71BF8EB30002ACD8E /* Assets.xcassets in Resources */ = {isa = PBXBuildFile; fileRef = 001C85B61BF8EB30002ACD8E /* Assets.xcassets */; };
		001C85BA1BF8EB30002ACD8E /* LaunchScreen.storyboard in Resources */ = {isa = PBXBuildFile; fileRef = 001C85B81BF8EB30002ACD8E /* LaunchScreen.storyboard */; };
		001C85C51BF8EB31002ACD8E /* worldScrambleTests.swift in Sources */ = {isa = PBXBuildFile; fileRef = 001C85C41BF8EB31002ACD8E /* worldScrambleTests.swift */; };
		001C85D01BF8EB31002ACD8E /* worldScrambleUITests.swift in Sources */ = {isa = PBXBuildFile; fileRef = 001C85CF1BF8EB31002ACD8E /* worldScrambleUITests.swift */; };
		001C85DE1BF8EDDF002ACD8E /* start.txt in Resources */ = {isa = PBXBuildFile; fileRef = 001C85DD1BF8EDDF002ACD8E /* start.txt */; };
/* End PBXBuildFile section */

/* Begin PBXContainerItemProxy section */
		001C85C11BF8EB31002ACD8E /* PBXContainerItemProxy */ = {
			isa = PBXContainerItemProxy;
			containerPortal = 001C85A21BF8EB30002ACD8E /* Project object */;
			proxyType = 1;
			remoteGlobalIDString = 001C85A91BF8EB30002ACD8E;
			remoteInfo = worldScramble;
		};
		001C85CC1BF8EB31002ACD8E /* PBXContainerItemProxy */ = {
			isa = PBXContainerItemProxy;
			containerPortal = 001C85A21BF8EB30002ACD8E /* Project object */;
			proxyType = 1;
			remoteGlobalIDString = 001C85A91BF8EB30002ACD8E;
			remoteInfo = worldScramble;
		};
/* End PBXContainerItemProxy section */

/* Begin PBXFileReference section */
		001C85AA1BF8EB30002ACD8E /* worldScramble.app */ = {isa = PBXFileReference; explicitFileType = wrapper.application; includeInIndex = 0; path = worldScramble.app; sourceTree = BUILT_PRODUCTS_DIR; };
		001C85AD1BF8EB30002ACD8E /* AppDelegate.swift */ = {isa = PBXFileReference; lastKnownFileType = sourcecode.swift; path = AppDelegate.swift; sourceTree = "<group>"; };
		001C85AF1BF8EB30002ACD8E /* MasterViewController.swift */ = {isa = PBXFileReference; lastKnownFileType = sourcecode.swift; path = MasterViewController.swift; sourceTree = "<group>"; };
		001C85B11BF8EB30002ACD8E /* DetailViewController.swift */ = {isa = PBXFileReference; lastKnownFileType = sourcecode.swift; path = DetailViewController.swift; sourceTree = "<group>"; };
		001C85B41BF8EB30002ACD8E /* Base */ = {isa = PBXFileReference; lastKnownFileType = file.storyboard; name = Base; path = Base.lproj/Main.storyboard; sourceTree = "<group>"; };
		001C85B61BF8EB30002ACD8E /* Assets.xcassets */ = {isa = PBXFileReference; lastKnownFileType = folder.assetcatalog; path = Assets.xcassets; sourceTree = "<group>"; };
		001C85B91BF8EB30002ACD8E /* Base */ = {isa = PBXFileReference; lastKnownFileType = file.storyboard; name = Base; path = Base.lproj/LaunchScreen.storyboard; sourceTree = "<group>"; };
		001C85BB1BF8EB30002ACD8E /* Info.plist */ = {isa = PBXFileReference; lastKnownFileType = text.plist.xml; path = Info.plist; sourceTree = "<group>"; };
		001C85C01BF8EB31002ACD8E /* worldScrambleTests.xctest */ = {isa = PBXFileReference; explicitFileType = wrapper.cfbundle; includeInIndex = 0; path = worldScrambleTests.xctest; sourceTree = BUILT_PRODUCTS_DIR; };
		001C85C41BF8EB31002ACD8E /* worldScrambleTests.swift */ = {isa = PBXFileReference; lastKnownFileType = sourcecode.swift; path = worldScrambleTests.swift; sourceTree = "<group>"; };
		001C85C61BF8EB31002ACD8E /* Info.plist */ = {isa = PBXFileReference; lastKnownFileType = text.plist.xml; path = Info.plist; sourceTree = "<group>"; };
		001C85CB1BF8EB31002ACD8E /* worldScrambleUITests.xctest */ = {isa = PBXFileReference; explicitFileType = wrapper.cfbundle; includeInIndex = 0; path = worldScrambleUITests.xctest; sourceTree = BUILT_PRODUCTS_DIR; };
		001C85CF1BF8EB31002ACD8E /* worldScrambleUITests.swift */ = {isa = PBXFileReference; lastKnownFileType = sourcecode.swift; path = worldScrambleUITests.swift; sourceTree = "<group>"; };
		001C85D11BF8EB31002ACD8E /* Info.plist */ = {isa = PBXFileReference; lastKnownFileType = text.plist.xml; path = Info.plist; sourceTree = "<group>"; };
		001C85DD1BF8EDDF002ACD8E /* start.txt */ = {isa = PBXFileReference; fileEncoding = 4; lastKnownFileType = text; path = start.txt; sourceTree = "<group>"; };
/* End PBXFileReference section */

/* Begin PBXFrameworksBuildPhase section */
		001C85A71BF8EB30002ACD8E /* Frameworks */ = {
			isa = PBXFrameworksBuildPhase;
			buildActionMask = 2147483647;
			files = (
			);
			runOnlyForDeploymentPostprocessing = 0;
		};
		001C85BD1BF8EB31002ACD8E /* Frameworks */ = {
			isa = PBXFrameworksBuildPhase;
			buildActionMask = 2147483647;
			files = (
			);
			runOnlyForDeploymentPostprocessing = 0;
		};
		001C85C81BF8EB31002ACD8E /* Frameworks */ = {
			isa = PBXFrameworksBuildPhase;
			buildActionMask = 2147483647;
			files = (
			);
			runOnlyForDeploymentPostprocessing = 0;
		};
/* End PBXFrameworksBuildPhase section */

/* Begin PBXGroup section */
		001C85A11BF8EB30002ACD8E = {
			isa = PBXGroup;
			children = (
				001C85AC1BF8EB30002ACD8E /* worldScramble */,
				001C85C31BF8EB31002ACD8E /* worldScrambleTests */,
				001C85CE1BF8EB31002ACD8E /* worldScrambleUITests */,
				001C85AB1BF8EB30002ACD8E /* Products */,
			);
			sourceTree = "<group>";
		};
		001C85AB1BF8EB30002ACD8E /* Products */ = {
			isa = PBXGroup;
			children = (
				001C85AA1BF8EB30002ACD8E /* worldScramble.app */,
				001C85C01BF8EB31002ACD8E /* worldScrambleTests.xctest */,
				001C85CB1BF8EB31002ACD8E /* worldScrambleUITests.xctest */,
			);
			name = Products;
			sourceTree = "<group>";
		};
		001C85AC1BF8EB30002ACD8E /* worldScramble */ = {
			isa = PBXGroup;
			children = (
				001C85AD1BF8EB30002ACD8E /* AppDelegate.swift */,
				001C85AF1BF8EB30002ACD8E /* MasterViewController.swift */,
				001C85DD1BF8EDDF002ACD8E /* start.txt */,
				001C85B11BF8EB30002ACD8E /* DetailViewController.swift */,
				001C85B31BF8EB30002ACD8E /* Main.storyboard */,
				001C85B61BF8EB30002ACD8E /* Assets.xcassets */,
				001C85B81BF8EB30002ACD8E /* LaunchScreen.storyboard */,
				001C85BB1BF8EB30002ACD8E /* Info.plist */,
			);
			path = worldScramble;
			sourceTree = "<group>";
		};
		001C85C31BF8EB31002ACD8E /* worldScrambleTests */ = {
			isa = PBXGroup;
			children = (
				001C85C41BF8EB31002ACD8E /* worldScrambleTests.swift */,
				001C85C61BF8EB31002ACD8E /* Info.plist */,
			);
			path = worldScrambleTests;
			sourceTree = "<group>";
		};
		001C85CE1BF8EB31002ACD8E /* worldScrambleUITests */ = {
			isa = PBXGroup;
			children = (
				001C85CF1BF8EB31002ACD8E /* worldScrambleUITests.swift */,
				001C85D11BF8EB31002ACD8E /* Info.plist */,
			);
			path = worldScrambleUITests;
			sourceTree = "<group>";
		};
/* End PBXGroup section */

/* Begin PBXNativeTarget section */
		001C85A91BF8EB30002ACD8E /* worldScramble */ = {
			isa = PBXNativeTarget;
			buildConfigurationList = 001C85D41BF8EB31002ACD8E /* Build configuration list for PBXNativeTarget "worldScramble" */;
			buildPhases = (
				001C85A61BF8EB30002ACD8E /* Sources */,
				001C85A71BF8EB30002ACD8E /* Frameworks */,
				001C85A81BF8EB30002ACD8E /* Resources */,
			);
			buildRules = (
			);
			dependencies = (
			);
			name = worldScramble;
			productName = worldScramble;
			productReference = 001C85AA1BF8EB30002ACD8E /* worldScramble.app */;
			productType = "com.apple.product-type.application";
		};
		001C85BF1BF8EB31002ACD8E /* worldScrambleTests */ = {
			isa = PBXNativeTarget;
			buildConfigurationList = 001C85D71BF8EB31002ACD8E /* Build configuration list for PBXNativeTarget "worldScrambleTests" */;
			buildPhases = (
				001C85BC1BF8EB31002ACD8E /* Sources */,
				001C85BD1BF8EB31002ACD8E /* Frameworks */,
				001C85BE1BF8EB31002ACD8E /* Resources */,
			);
			buildRules = (
			);
			dependencies = (
				001C85C21BF8EB31002ACD8E /* PBXTargetDependency */,
			);
			name = worldScrambleTests;
			productName = worldScrambleTests;
			productReference = 001C85C01BF8EB31002ACD8E /* worldScrambleTests.xctest */;
			productType = "com.apple.product-type.bundle.unit-test";
		};
		001C85CA1BF8EB31002ACD8E /* worldScrambleUITests */ = {
			isa = PBXNativeTarget;
			buildConfigurationList = 001C85DA1BF8EB31002ACD8E /* Build configuration list for PBXNativeTarget "worldScrambleUITests" */;
			buildPhases = (
				001C85C71BF8EB31002ACD8E /* Sources */,
				001C85C81BF8EB31002ACD8E /* Frameworks */,
				001C85C91BF8EB31002ACD8E /* Resources */,
			);
			buildRules = (
			);
			dependencies = (
				001C85CD1BF8EB31002ACD8E /* PBXTargetDependency */,
			);
			name = worldScrambleUITests;
			productName = worldScrambleUITests;
			productReference = 001C85CB1BF8EB31002ACD8E /* worldScrambleUITests.xctest */;
			productType = "com.apple.product-type.bundle.ui-testing";
		};
/* End PBXNativeTarget section */

/* Begin PBXProject section */
		001C85A21BF8EB30002ACD8E /* Project object */ = {
			isa = PBXProject;
			attributes = {
				LastSwiftUpdateCheck = 0710;
				LastUpgradeCheck = 0710;
				ORGANIZATIONNAME = a;
				TargetAttributes = {
					001C85A91BF8EB30002ACD8E = {
						CreatedOnToolsVersion = 7.1.1;
					};
					001C85BF1BF8EB31002ACD8E = {
						CreatedOnToolsVersion = 7.1.1;
						TestTargetID = 001C85A91BF8EB30002ACD8E;
					};
					001C85CA1BF8EB31002ACD8E = {
						CreatedOnToolsVersion = 7.1.1;
						TestTargetID = 001C85A91BF8EB30002ACD8E;
					};
				};
			};
			buildConfigurationList = 001C85A51BF8EB30002ACD8E /* Build configuration list for PBXProject "worldScramble" */;
			compatibilityVersion = "Xcode 3.2";
			developmentRegion = English;
			hasScannedForEncodings = 0;
			knownRegions = (
				en,
				Base,
			);
			mainGroup = 001C85A11BF8EB30002ACD8E;
			productRefGroup = 001C85AB1BF8EB30002ACD8E /* Products */;
			projectDirPath = "";
			projectRoot = "";
			targets = (
				001C85A91BF8EB30002ACD8E /* worldScramble */,
				001C85BF1BF8EB31002ACD8E /* worldScrambleTests */,
				001C85CA1BF8EB31002ACD8E /* worldScrambleUITests */,
			);
		};
/* End PBXProject section */

/* Begin PBXResourcesBuildPhase section */
		001C85A81BF8EB30002ACD8E /* Resources */ = {
			isa = PBXResourcesBuildPhase;
			buildActionMask = 2147483647;
			files = (
				001C85BA1BF8EB30002ACD8E /* LaunchScreen.storyboard in Resources */,
				001C85DE1BF8EDDF002ACD8E /* start.txt in Resources */,
				001C85B71BF8EB30002ACD8E /* Assets.xcassets in Resources */,
				001C85B51BF8EB30002ACD8E /* Main.storyboard in Resources */,
			);
			runOnlyForDeploymentPostprocessing = 0;
		};
		001C85BE1BF8EB31002ACD8E /* Resources */ = {
			isa = PBXResourcesBuildPhase;
			buildActionMask = 2147483647;
			files = (
			);
			runOnlyForDeploymentPostprocessing = 0;
		};
		001C85C91BF8EB31002ACD8E /* Resources */ = {
			isa = PBXResourcesBuildPhase;
			buildActionMask = 2147483647;
			files = (
			);
			runOnlyForDeploymentPostprocessing = 0;
		};
/* End PBXResourcesBuildPhase section */

/* Begin PBXSourcesBuildPhase section */
		001C85A61BF8EB30002ACD8E /* Sources */ = {
			isa = PBXSourcesBuildPhase;
			buildActionMask = 2147483647;
			files = (
				001C85B21BF8EB30002ACD8E /* DetailViewController.swift in Sources */,
				001C85B01BF8EB30002ACD8E /* MasterViewController.swift in Sources */,
				001C85AE1BF8EB30002ACD8E /* AppDelegate.swift in Sources */,
			);
			runOnlyForDeploymentPostprocessing = 0;
		};
		001C85BC1BF8EB31002ACD8E /* Sources */ = {
			isa = PBXSourcesBuildPhase;
			buildActionMask = 2147483647;
			files = (
				001C85C51BF8EB31002ACD8E /* worldScrambleTests.swift in Sources */,
			);
			runOnlyForDeploymentPostprocessing = 0;
		};
		001C85C71BF8EB31002ACD8E /* Sources */ = {
			isa = PBXSourcesBuildPhase;
			buildActionMask = 2147483647;
			files = (
				001C85D01BF8EB31002ACD8E /* worldScrambleUITests.swift in Sources */,
			);
			runOnlyForDeploymentPostprocessing = 0;
		};
/* End PBXSourcesBuildPhase section */

/* Begin PBXTargetDependency section */
		001C85C21BF8EB31002ACD8E /* PBXTargetDependency */ = {
			isa = PBXTargetDependency;
			target = 001C85A91BF8EB30002ACD8E /* worldScramble */;
			targetProxy = 001C85C11BF8EB31002ACD8E /* PBXContainerItemProxy */;
		};
		001C85CD1BF8EB31002ACD8E /* PBXTargetDependency */ = {
			isa = PBXTargetDependency;
			target = 001C85A91BF8EB30002ACD8E /* worldScramble */;
			targetProxy = 001C85CC1BF8EB31002ACD8E /* PBXContainerItemProxy */;
		};
/* End PBXTargetDependency section */

/* Begin PBXVariantGroup section */
		001C85B31BF8EB30002ACD8E /* Main.storyboard */ = {
			isa = PBXVariantGroup;
			children = (
				001C85B41BF8EB30002ACD8E /* Base */,
			);
			name = Main.storyboard;
			sourceTree = "<group>";
		};
		001C85B81BF8EB30002ACD8E /* LaunchScreen.storyboard */ = {
			isa = PBXVariantGroup;
			children = (
				001C85B91BF8EB30002ACD8E /* Base */,
			);
			name = LaunchScreen.storyboard;
			sourceTree = "<group>";
		};
/* End PBXVariantGroup section */

/* Begin XCBuildConfiguration section */
		001C85D21BF8EB31002ACD8E /* Debug */ = {
			isa = XCBuildConfiguration;
			buildSettings = {
				ALWAYS_SEARCH_USER_PATHS = NO;
				CLANG_CXX_LANGUAGE_STANDARD = "gnu++0x";
				CLANG_CXX_LIBRARY = "libc++";
				CLANG_ENABLE_MODULES = YES;
				CLANG_ENABLE_OBJC_ARC = YES;
				CLANG_WARN_BOOL_CONVERSION = YES;
				CLANG_WARN_CONSTANT_CONVERSION = YES;
				CLANG_WARN_DIRECT_OBJC_ISA_USAGE = YES_ERROR;
				CLANG_WARN_EMPTY_BODY = YES;
				CLANG_WARN_ENUM_CONVERSION = YES;
				CLANG_WARN_INT_CONVERSION = YES;
				CLANG_WARN_OBJC_ROOT_CLASS = YES_ERROR;
				CLANG_WARN_UNREACHABLE_CODE = YES;
				CLANG_WARN__DUPLICATE_METHOD_MATCH = YES;
				"CODE_SIGN_IDENTITY[sdk=iphoneos*]" = "iPhone Developer";
				COPY_PHASE_STRIP = NO;
				DEBUG_INFORMATION_FORMAT = dwarf;
				ENABLE_STRICT_OBJC_MSGSEND = YES;
				ENABLE_TESTABILITY = YES;
				GCC_C_LANGUAGE_STANDARD = gnu99;
				GCC_DYNAMIC_NO_PIC = NO;
				GCC_NO_COMMON_BLOCKS = YES;
				GCC_OPTIMIZATION_LEVEL = 0;
				GCC_PREPROCESSOR_DEFINITIONS = (
					"DEBUG=1",
					"$(inherited)",
				);
				GCC_WARN_64_TO_32_BIT_CONVERSION = YES;
				GCC_WARN_ABOUT_RETURN_TYPE = YES_ERROR;
				GCC_WARN_UNDECLARED_SELECTOR = YES;
				GCC_WARN_UNINITIALIZED_AUTOS = YES_AGGRESSIVE;
				GCC_WARN_UNUSED_FUNCTION = YES;
				GCC_WARN_UNUSED_VARIABLE = YES;
				IPHONEOS_DEPLOYMENT_TARGET = 9.1;
				MTL_ENABLE_DEBUG_INFO = YES;
				ONLY_ACTIVE_ARCH = YES;
				SDKROOT = iphoneos;
				SWIFT_OPTIMIZATION_LEVEL = "-Onone";
			};
			name = Debug;
		};
		001C85D31BF8EB31002ACD8E /* Release */ = {
			isa = XCBuildConfiguration;
			buildSettings = {
				ALWAYS_SEARCH_USER_PATHS = NO;
				CLANG_CXX_LANGUAGE_STANDARD = "gnu++0x";
				CLANG_CXX_LIBRARY = "libc++";
				CLANG_ENABLE_MODULES = YES;
				CLANG_ENABLE_OBJC_ARC = YES;
				CLANG_WARN_BOOL_CONVERSION = YES;
				CLANG_WARN_CONSTANT_CONVERSION = YES;
				CLANG_WARN_DIRECT_OBJC_ISA_USAGE = YES_ERROR;
				CLANG_WARN_EMPTY_BODY = YES;
				CLANG_WARN_ENUM_CONVERSION = YES;
				CLANG_WARN_INT_CONVERSION = YES;
				CLANG_WARN_OBJC_ROOT_CLASS = YES_ERROR;
				CLANG_WARN_UNREACHABLE_CODE = YES;
				CLANG_WARN__DUPLICATE_METHOD_MATCH = YES;
				"CODE_SIGN_IDENTITY[sdk=iphoneos*]" = "iPhone Developer";
				COPY_PHASE_STRIP = NO;
				DEBUG_INFORMATION_FORMAT = "dwarf-with-dsym";
				ENABLE_NS_ASSERTIONS = NO;
				ENABLE_STRICT_OBJC_MSGSEND = YES;
				GCC_C_LANGUAGE_STANDARD = gnu99;
				GCC_NO_COMMON_BLOCKS = YES;
				GCC_WARN_64_TO_32_BIT_CONVERSION = YES;
				GCC_WARN_ABOUT_RETURN_TYPE = YES_ERROR;
				GCC_WARN_UNDECLARED_SELECTOR = YES;
				GCC_WARN_UNINITIALIZED_AUTOS = YES_AGGRESSIVE;
				GCC_WARN_UNUSED_FUNCTION = YES;
				GCC_WARN_UNUSED_VARIABLE = YES;
				IPHONEOS_DEPLOYMENT_TARGET = 9.1;
				MTL_ENABLE_DEBUG_INFO = NO;
				SDKROOT = iphoneos;
				VALIDATE_PRODUCT = YES;
			};
			name = Release;
		};
		001C85D51BF8EB31002ACD8E /* Debug */ = {
			isa = XCBuildConfiguration;
			buildSettings = {
				ASSETCATALOG_COMPILER_APPICON_NAME = AppIcon;
				INFOPLIST_FILE = worldScramble/Info.plist;
				LD_RUNPATH_SEARCH_PATHS = "$(inherited) @executable_path/Frameworks";
				PRODUCT_BUNDLE_IDENTIFIER = praticingSwift.wordScramble;
				PRODUCT_NAME = "$(TARGET_NAME)";
			};
			name = Debug;
		};
		001C85D61BF8EB31002ACD8E /* Release */ = {
			isa = XCBuildConfiguration;
			buildSettings = {
				ASSETCATALOG_COMPILER_APPICON_NAME = AppIcon;
				INFOPLIST_FILE = worldScramble/Info.plist;
				LD_RUNPATH_SEARCH_PATHS = "$(inherited) @executable_path/Frameworks";
				PRODUCT_BUNDLE_IDENTIFIER = praticingSwift.wordScramble;
				PRODUCT_NAME = "$(TARGET_NAME)";
			};
			name = Release;
		};
		001C85D81BF8EB31002ACD8E /* Debug */ = {
			isa = XCBuildConfiguration;
			buildSettings = {
				BUNDLE_LOADER = "$(TEST_HOST)";
				INFOPLIST_FILE = worldScrambleTests/Info.plist;
				LD_RUNPATH_SEARCH_PATHS = "$(inherited) @executable_path/Frameworks @loader_path/Frameworks";
				PRODUCT_BUNDLE_IDENTIFIER = praticingSwift.worldScrambleTests;
				PRODUCT_NAME = "$(TARGET_NAME)";
				TEST_HOST = "$(BUILT_PRODUCTS_DIR)/worldScramble.app/worldScramble";
			};
			name = Debug;
		};
		001C85D91BF8EB31002ACD8E /* Release */ = {
			isa = XCBuildConfiguration;
			buildSettings = {
				BUNDLE_LOADER = "$(TEST_HOST)";
				INFOPLIST_FILE = worldScrambleTests/Info.plist;
				LD_RUNPATH_SEARCH_PATHS = "$(inherited) @executable_path/Frameworks @loader_path/Frameworks";
				PRODUCT_BUNDLE_IDENTIFIER = praticingSwift.worldScrambleTests;
				PRODUCT_NAME = "$(TARGET_NAME)";
				TEST_HOST = "$(BUILT_PRODUCTS_DIR)/worldScramble.app/worldScramble";
			};
			name = Release;
		};
		001C85DB1BF8EB31002ACD8E /* Debug */ = {
			isa = XCBuildConfiguration;
			buildSettings = {
				INFOPLIST_FILE = worldScrambleUITests/Info.plist;
				LD_RUNPATH_SEARCH_PATHS = "$(inherited) @executable_path/Frameworks @loader_path/Frameworks";
				PRODUCT_BUNDLE_IDENTIFIER = praticingSwift.worldScrambleUITests;
				PRODUCT_NAME = "$(TARGET_NAME)";
				TEST_TARGET_NAME = worldScramble;
				USES_XCTRUNNER = YES;
			};
			name = Debug;
		};
		001C85DC1BF8EB31002ACD8E /* Release */ = {
			isa = XCBuildConfiguration;
			buildSettings = {
				INFOPLIST_FILE = worldScrambleUITests/Info.plist;
				LD_RUNPATH_SEARCH_PATHS = "$(inherited) @executable_path/Frameworks @loader_path/Frameworks";
				PRODUCT_BUNDLE_IDENTIFIER = praticingSwift.worldScrambleUITests;
				PRODUCT_NAME = "$(TARGET_NAME)";
				TEST_TARGET_NAME = worldScramble;
				USES_XCTRUNNER = YES;
			};
			name = Release;
		};
/* End XCBuildConfiguration section */

/* Begin XCConfigurationList section */
		001C85A51BF8EB30002ACD8E /* Build configuration list for PBXProject "worldScramble" */ = {
			isa = XCConfigurationList;
			buildConfigurations = (
				001C85D21BF8EB31002ACD8E /* Debug */,
				001C85D31BF8EB31002ACD8E /* Release */,
			);
			defaultConfigurationIsVisible = 0;
			defaultConfigurationName = Release;
		};
		001C85D41BF8EB31002ACD8E /* Build configuration list for PBXNativeTarget "worldScramble" */ = {
			isa = XCConfigurationList;
			buildConfigurations = (
				001C85D51BF8EB31002ACD8E /* Debug */,
				001C85D61BF8EB31002ACD8E /* Release */,
			);
			defaultConfigurationIsVisible = 0;
			defaultConfigurationName = Release;
		};
		001C85D71BF8EB31002ACD8E /* Build configuration list for PBXNativeTarget "worldScrambleTests" */ = {
			isa = XCConfigurationList;
			buildConfigurations = (
				001C85D81BF8EB31002ACD8E /* Debug */,
				001C85D91BF8EB31002ACD8E /* Release */,
			);
			defaultConfigurationIsVisible = 0;
			defaultConfigurationName = Release;
		};
		001C85DA1BF8EB31002ACD8E /* Build configuration list for PBXNativeTarget "worldScrambleUITests" */ = {
			isa = XCConfigurationList;
			buildConfigurations = (
				001C85DB1BF8EB31002ACD8E /* Debug */,
				001C85DC1BF8EB31002ACD8E /* Release */,
			);
			defaultConfigurationIsVisible = 0;
			defaultConfigurationName = Release;
		};
/* End XCConfigurationList section */
	};
	rootObject = 001C85A21BF8EB30002ACD8E /* Project object */;
}
