// !$*UTF8*$!
{
	archiveVersion = 1;
	classes = {
	};
	objectVersion = 46;
	objects = {

/* Begin PBXBuildFile section */
		6E24F1191BF9626400514C12 /* AppDelegate.swift in Sources */ = {isa = PBXBuildFile; fileRef = 6E24F1181BF9626400514C12 /* AppDelegate.swift */; };
		6E24F11B1BF9626400514C12 /* ViewController.swift in Sources */ = {isa = PBXBuildFile; fileRef = 6E24F11A1BF9626400514C12 /* ViewController.swift */; };
		6E24F11E1BF9626400514C12 /* Main.storyboard in Resources */ = {isa = PBXBuildFile; fileRef = 6E24F11C1BF9626400514C12 /* Main.storyboard */; };
		6E24F1201BF9626400514C12 /* Assets.xcassets in Resources */ = {isa = PBXBuildFile; fileRef = 6E24F11F1BF9626400514C12 /* Assets.xcassets */; };
		6E24F1231BF9626400514C12 /* LaunchScreen.storyboard in Resources */ = {isa = PBXBuildFile; fileRef = 6E24F1211BF9626400514C12 /* LaunchScreen.storyboard */; };
/* End PBXBuildFile section */

/* Begin PBXFileReference section */
		6E24F1151BF9626400514C12 /* project6b.app */ = {isa = PBXFileReference; explicitFileType = wrapper.application; includeInIndex = 0; path = project6b.app; sourceTree = BUILT_PRODUCTS_DIR; };
		6E24F1181BF9626400514C12 /* AppDelegate.swift */ = {isa = PBXFileReference; lastKnownFileType = sourcecode.swift; path = AppDelegate.swift; sourceTree = "<group>"; };
		6E24F11A1BF9626400514C12 /* ViewController.swift */ = {isa = PBXFileReference; lastKnownFileType = sourcecode.swift; path = ViewController.swift; sourceTree = "<group>"; };
		6E24F11D1BF9626400514C12 /* Base */ = {isa = PBXFileReference; lastKnownFileType = file.storyboard; name = Base; path = Base.lproj/Main.storyboard; sourceTree = "<group>"; };
		6E24F11F1BF9626400514C12 /* Assets.xcassets */ = {isa = PBXFileReference; lastKnownFileType = folder.assetcatalog; path = Assets.xcassets; sourceTree = "<group>"; };
		6E24F1221BF9626400514C12 /* Base */ = {isa = PBXFileReference; lastKnownFileType = file.storyboard; name = Base; path = Base.lproj/LaunchScreen.storyboard; sourceTree = "<group>"; };
		6E24F1241BF9626400514C12 /* Info.plist */ = {isa = PBXFileReference; lastKnownFileType = text.plist.xml; path = Info.plist; sourceTree = "<group>"; };
/* End PBXFileReference section */

/* Begin PBXFrameworksBuildPhase section */
		6E24F1121BF9626400514C12 /* Frameworks */ = {
			isa = PBXFrameworksBuildPhase;
			buildActionMask = 2147483647;
			files = (
			);
			runOnlyForDeploymentPostprocessing = 0;
		};
/* End PBXFrameworksBuildPhase section */

/* Begin PBXGroup section */
		6E24F10C1BF9626400514C12 = {
			isa = PBXGroup;
			children = (
				6E24F1171BF9626400514C12 /* project6b */,
				6E24F1161BF9626400514C12 /* Products */,
			);
			sourceTree = "<group>";
		};
		6E24F1161BF9626400514C12 /* Products */ = {
			isa = PBXGroup;
			children = (
				6E24F1151BF9626400514C12 /* project6b.app */,
			);
			name = Products;
			sourceTree = "<group>";
		};
		6E24F1171BF9626400514C12 /* project6b */ = {
			isa = PBXGroup;
			children = (
				6E24F1181BF9626400514C12 /* AppDelegate.swift */,
				6E24F11A1BF9626400514C12 /* ViewController.swift */,
				6E24F11C1BF9626400514C12 /* Main.storyboard */,
				6E24F11F1BF9626400514C12 /* Assets.xcassets */,
				6E24F1211BF9626400514C12 /* LaunchScreen.storyboard */,
				6E24F1241BF9626400514C12 /* Info.plist */,
			);
			path = project6b;
			sourceTree = "<group>";
		};
/* End PBXGroup section */

/* Begin PBXNativeTarget section */
		6E24F1141BF9626400514C12 /* project6b */ = {
			isa = PBXNativeTarget;
			buildConfigurationList = 6E24F1271BF9626400514C12 /* Build configuration list for PBXNativeTarget "project6b" */;
			buildPhases = (
				6E24F1111BF9626400514C12 /* Sources */,
				6E24F1121BF9626400514C12 /* Frameworks */,
				6E24F1131BF9626400514C12 /* Resources */,
			);
			buildRules = (
			);
			dependencies = (
			);
			name = project6b;
			productName = project6b;
			productReference = 6E24F1151BF9626400514C12 /* project6b.app */;
			productType = "com.apple.product-type.application";
		};
/* End PBXNativeTarget section */

/* Begin PBXProject section */
		6E24F10D1BF9626400514C12 /* Project object */ = {
			isa = PBXProject;
			attributes = {
				LastSwiftUpdateCheck = 0710;
				LastUpgradeCheck = 0710;
				ORGANIZATIONNAME = reedex;
				TargetAttributes = {
					6E24F1141BF9626400514C12 = {
						CreatedOnToolsVersion = 7.1.1;
					};
				};
			};
			buildConfigurationList = 6E24F1101BF9626400514C12 /* Build configuration list for PBXProject "project6b" */;
			compatibilityVersion = "Xcode 3.2";
			developmentRegion = English;
			hasScannedForEncodings = 0;
			knownRegions = (
				en,
				Base,
			);
			mainGroup = 6E24F10C1BF9626400514C12;
			productRefGroup = 6E24F1161BF9626400514C12 /* Products */;
			projectDirPath = "";
			projectRoot = "";
			targets = (
				6E24F1141BF9626400514C12 /* project6b */,
			);
		};
/* End PBXProject section */

/* Begin PBXResourcesBuildPhase section */
		6E24F1131BF9626400514C12 /* Resources */ = {
			isa = PBXResourcesBuildPhase;
			buildActionMask = 2147483647;
			files = (
				6E24F1231BF9626400514C12 /* LaunchScreen.storyboard in Resources */,
				6E24F1201BF9626400514C12 /* Assets.xcassets in Resources */,
				6E24F11E1BF9626400514C12 /* Main.storyboard in Resources */,
			);
			runOnlyForDeploymentPostprocessing = 0;
		};
/* End PBXResourcesBuildPhase section */

/* Begin PBXSourcesBuildPhase section */
		6E24F1111BF9626400514C12 /* Sources */ = {
			isa = PBXSourcesBuildPhase;
			buildActionMask = 2147483647;
			files = (
				6E24F11B1BF9626400514C12 /* ViewController.swift in Sources */,
				6E24F1191BF9626400514C12 /* AppDelegate.swift in Sources */,
			);
			runOnlyForDeploymentPostprocessing = 0;
		};
/* End PBXSourcesBuildPhase section */

/* Begin PBXVariantGroup section */
		6E24F11C1BF9626400514C12 /* Main.storyboard */ = {
			isa = PBXVariantGroup;
			children = (
				6E24F11D1BF9626400514C12 /* Base */,
			);
			name = Main.storyboard;
			sourceTree = "<group>";
		};
		6E24F1211BF9626400514C12 /* LaunchScreen.storyboard */ = {
			isa = PBXVariantGroup;
			children = (
				6E24F1221BF9626400514C12 /* Base */,
			);
			name = LaunchScreen.storyboard;
			sourceTree = "<group>";
		};
/* End PBXVariantGroup section */

/* Begin XCBuildConfiguration section */
		6E24F1251BF9626400514C12 /* Debug */ = {
			isa = XCBuildConfiguration;
			buildSettings = {
				ALWAYS_SEARCH_USER_PATHS = NO;
				CLANG_CXX_LANGUAGE_STANDARD = "gnu++0x";
				CLANG_CXX_LIBRARY = "libc++";
				CLANG_ENABLE_MODULES = YES;
				CLANG_ENABLE_OBJC_ARC = YES;
				CLANG_WARN_BOOL_CONVERSION = YES;
				CLANG_WARN_CONSTANT_CONVERSION = YES;
				CLANG_WARN_DIRECT_OBJC_ISA_USAGE = YES_ERROR;
				CLANG_WARN_EMPTY_BODY = YES;
				CLANG_WARN_ENUM_CONVERSION = YES;
				CLANG_WARN_INT_CONVERSION = YES;
				CLANG_WARN_OBJC_ROOT_CLASS = YES_ERROR;
				CLANG_WARN_UNREACHABLE_CODE = YES;
				CLANG_WARN__DUPLICATE_METHOD_MATCH = YES;
				"CODE_SIGN_IDENTITY[sdk=iphoneos*]" = "iPhone Developer";
				COPY_PHASE_STRIP = NO;
				DEBUG_INFORMATION_FORMAT = dwarf;
				ENABLE_STRICT_OBJC_MSGSEND = YES;
				ENABLE_TESTABILITY = YES;
				GCC_C_LANGUAGE_STANDARD = gnu99;
				GCC_DYNAMIC_NO_PIC = NO;
				GCC_NO_COMMON_BLOCKS = YES;
				GCC_OPTIMIZATION_LEVEL = 0;
				GCC_PREPROCESSOR_DEFINITIONS = (
					"DEBUG=1",
					"$(inherited)",
				);
				GCC_WARN_64_TO_32_BIT_CONVERSION = YES;
				GCC_WARN_ABOUT_RETURN_TYPE = YES_ERROR;
				GCC_WARN_UNDECLARED_SELECTOR = YES;
				GCC_WARN_UNINITIALIZED_AUTOS = YES_AGGRESSIVE;
				GCC_WARN_UNUSED_FUNCTION = YES;
				GCC_WARN_UNUSED_VARIABLE = YES;
				IPHONEOS_DEPLOYMENT_TARGET = 9.1;
				MTL_ENABLE_DEBUG_INFO = YES;
				ONLY_ACTIVE_ARCH = YES;
				SDKROOT = iphoneos;
				SWIFT_OPTIMIZATION_LEVEL = "-Onone";
				TARGETED_DEVICE_FAMILY = "1,2";
			};
			name = Debug;
		};
		6E24F1261BF9626400514C12 /* Release */ = {
			isa = XCBuildConfiguration;
			buildSettings = {
				ALWAYS_SEARCH_USER_PATHS = NO;
				CLANG_CXX_LANGUAGE_STANDARD = "gnu++0x";
				CLANG_CXX_LIBRARY = "libc++";
				CLANG_ENABLE_MODULES = YES;
				CLANG_ENABLE_OBJC_ARC = YES;
				CLANG_WARN_BOOL_CONVERSION = YES;
				CLANG_WARN_CONSTANT_CONVERSION = YES;
				CLANG_WARN_DIRECT_OBJC_ISA_USAGE = YES_ERROR;
				CLANG_WARN_EMPTY_BODY = YES;
				CLANG_WARN_ENUM_CONVERSION = YES;
				CLANG_WARN_INT_CONVERSION = YES;
				CLANG_WARN_OBJC_ROOT_CLASS = YES_ERROR;
				CLANG_WARN_UNREACHABLE_CODE = YES;
				CLANG_WARN__DUPLICATE_METHOD_MATCH = YES;
				"CODE_SIGN_IDENTITY[sdk=iphoneos*]" = "iPhone Developer";
				COPY_PHASE_STRIP = NO;
				DEBUG_INFORMATION_FORMAT = "dwarf-with-dsym";
				ENABLE_NS_ASSERTIONS = NO;
				ENABLE_STRICT_OBJC_MSGSEND = YES;
				GCC_C_LANGUAGE_STANDARD = gnu99;
				GCC_NO_COMMON_BLOCKS = YES;
				GCC_WARN_64_TO_32_BIT_CONVERSION = YES;
				GCC_WARN_ABOUT_RETURN_TYPE = YES_ERROR;
				GCC_WARN_UNDECLARED_SELECTOR = YES;
				GCC_WARN_UNINITIALIZED_AUTOS = YES_AGGRESSIVE;
				GCC_WARN_UNUSED_FUNCTION = YES;
				GCC_WARN_UNUSED_VARIABLE = YES;
				IPHONEOS_DEPLOYMENT_TARGET = 9.1;
				MTL_ENABLE_DEBUG_INFO = NO;
				SDKROOT = iphoneos;
				TARGETED_DEVICE_FAMILY = "1,2";
				VALIDATE_PRODUCT = YES;
			};
			name = Release;
		};
		6E24F1281BF9626400514C12 /* Debug */ = {
			isa = XCBuildConfiguration;
			buildSettings = {
				ASSETCATALOG_COMPILER_APPICON_NAME = AppIcon;
				INFOPLIST_FILE = project6b/Info.plist;
				LD_RUNPATH_SEARCH_PATHS = "$(inherited) @executable_path/Frameworks";
				PRODUCT_BUNDLE_IDENTIFIER = bromodachi.project6b;
				PRODUCT_NAME = "$(TARGET_NAME)";
			};
			name = Debug;
		};
		6E24F1291BF9626400514C12 /* Release */ = {
			isa = XCBuildConfiguration;
			buildSettings = {
				ASSETCATALOG_COMPILER_APPICON_NAME = AppIcon;
				INFOPLIST_FILE = project6b/Info.plist;
				LD_RUNPATH_SEARCH_PATHS = "$(inherited) @executable_path/Frameworks";
				PRODUCT_BUNDLE_IDENTIFIER = bromodachi.project6b;
				PRODUCT_NAME = "$(TARGET_NAME)";
			};
			name = Release;
		};
/* End XCBuildConfiguration section */

/* Begin XCConfigurationList section */
		6E24F1101BF9626400514C12 /* Build configuration list for PBXProject "project6b" */ = {
			isa = XCConfigurationList;
			buildConfigurations = (
				6E24F1251BF9626400514C12 /* Debug */,
				6E24F1261BF9626400514C12 /* Release */,
			);
			defaultConfigurationIsVisible = 0;
			defaultConfigurationName = Release;
		};
		6E24F1271BF9626400514C12 /* Build configuration list for PBXNativeTarget "project6b" */ = {
			isa = XCConfigurationList;
			buildConfigurations = (
				6E24F1281BF9626400514C12 /* Debug */,
				6E24F1291BF9626400514C12 /* Release */,
			);
			defaultConfigurationIsVisible = 0;
		};
/* End XCConfigurationList section */
	};
	rootObject = 6E24F10D1BF9626400514C12 /* Project object */;
}
