// !$*UTF8*$!
{
	archiveVersion = 1;
	classes = {
	};
	objectVersion = 46;
	objects = {

/* Begin PBXBuildFile section */
		00804D981C1CD6F70086BDAF /* AppDelegate.swift in Sources */ = {isa = PBXBuildFile; fileRef = 00804D971C1CD6F70086BDAF /* AppDelegate.swift */; };
		00804D9A1C1CD6F70086BDAF /* ViewController.swift in Sources */ = {isa = PBXBuildFile; fileRef = 00804D991C1CD6F70086BDAF /* ViewController.swift */; };
		00804D9D1C1CD6F70086BDAF /* Main.storyboard in Resources */ = {isa = PBXBuildFile; fileRef = 00804D9B1C1CD6F70086BDAF /* Main.storyboard */; };
		00804D9F1C1CD6F70086BDAF /* Assets.xcassets in Resources */ = {isa = PBXBuildFile; fileRef = 00804D9E1C1CD6F70086BDAF /* Assets.xcassets */; };
		00804DA21C1CD6F70086BDAF /* LaunchScreen.storyboard in Resources */ = {isa = PBXBuildFile; fileRef = 00804DA01C1CD6F70086BDAF /* LaunchScreen.storyboard */; };
/* End PBXBuildFile section */

/* Begin PBXFileReference section */
		00804D941C1CD6F70086BDAF /* TestingNSUserDefault.app */ = {isa = PBXFileReference; explicitFileType = wrapper.application; includeInIndex = 0; path = TestingNSUserDefault.app; sourceTree = BUILT_PRODUCTS_DIR; };
		00804D971C1CD6F70086BDAF /* AppDelegate.swift */ = {isa = PBXFileReference; lastKnownFileType = sourcecode.swift; path = AppDelegate.swift; sourceTree = "<group>"; };
		00804D991C1CD6F70086BDAF /* ViewController.swift */ = {isa = PBXFileReference; lastKnownFileType = sourcecode.swift; path = ViewController.swift; sourceTree = "<group>"; };
		00804D9C1C1CD6F70086BDAF /* Base */ = {isa = PBXFileReference; lastKnownFileType = file.storyboard; name = Base; path = Base.lproj/Main.storyboard; sourceTree = "<group>"; };
		00804D9E1C1CD6F70086BDAF /* Assets.xcassets */ = {isa = PBXFileReference; lastKnownFileType = folder.assetcatalog; path = Assets.xcassets; sourceTree = "<group>"; };
		00804DA11C1CD6F70086BDAF /* Base */ = {isa = PBXFileReference; lastKnownFileType = file.storyboard; name = Base; path = Base.lproj/LaunchScreen.storyboard; sourceTree = "<group>"; };
		00804DA31C1CD6F70086BDAF /* Info.plist */ = {isa = PBXFileReference; lastKnownFileType = text.plist.xml; path = Info.plist; sourceTree = "<group>"; };
/* End PBXFileReference section */

/* Begin PBXFrameworksBuildPhase section */
		00804D911C1CD6F70086BDAF /* Frameworks */ = {
			isa = PBXFrameworksBuildPhase;
			buildActionMask = 2147483647;
			files = (
			);
			runOnlyForDeploymentPostprocessing = 0;
		};
/* End PBXFrameworksBuildPhase section */

/* Begin PBXGroup section */
		00804D8B1C1CD6F60086BDAF = {
			isa = PBXGroup;
			children = (
				00804D961C1CD6F70086BDAF /* TestingNSUserDefault */,
				00804D951C1CD6F70086BDAF /* Products */,
			);
			sourceTree = "<group>";
		};
		00804D951C1CD6F70086BDAF /* Products */ = {
			isa = PBXGroup;
			children = (
				00804D941C1CD6F70086BDAF /* TestingNSUserDefault.app */,
			);
			name = Products;
			sourceTree = "<group>";
		};
		00804D961C1CD6F70086BDAF /* TestingNSUserDefault */ = {
			isa = PBXGroup;
			children = (
				00804D971C1CD6F70086BDAF /* AppDelegate.swift */,
				00804D991C1CD6F70086BDAF /* ViewController.swift */,
				00804D9B1C1CD6F70086BDAF /* Main.storyboard */,
				00804D9E1C1CD6F70086BDAF /* Assets.xcassets */,
				00804DA01C1CD6F70086BDAF /* LaunchScreen.storyboard */,
				00804DA31C1CD6F70086BDAF /* Info.plist */,
			);
			path = TestingNSUserDefault;
			sourceTree = "<group>";
		};
/* End PBXGroup section */

/* Begin PBXNativeTarget section */
		00804D931C1CD6F70086BDAF /* TestingNSUserDefault */ = {
			isa = PBXNativeTarget;
			buildConfigurationList = 00804DA61C1CD6F70086BDAF /* Build configuration list for PBXNativeTarget "TestingNSUserDefault" */;
			buildPhases = (
				00804D901C1CD6F70086BDAF /* Sources */,
				00804D911C1CD6F70086BDAF /* Frameworks */,
				00804D921C1CD6F70086BDAF /* Resources */,
			);
			buildRules = (
			);
			dependencies = (
			);
			name = TestingNSUserDefault;
			productName = TestingNSUserDefault;
			productReference = 00804D941C1CD6F70086BDAF /* TestingNSUserDefault.app */;
			productType = "com.apple.product-type.application";
		};
/* End PBXNativeTarget section */

/* Begin PBXProject section */
		00804D8C1C1CD6F60086BDAF /* Project object */ = {
			isa = PBXProject;
			attributes = {
				LastSwiftUpdateCheck = 0710;
				LastUpgradeCheck = 0710;
				ORGANIZATIONNAME = bromodachi;
				TargetAttributes = {
					00804D931C1CD6F70086BDAF = {
						CreatedOnToolsVersion = 7.1.1;
					};
				};
			};
			buildConfigurationList = 00804D8F1C1CD6F60086BDAF /* Build configuration list for PBXProject "TestingNSUserDefault" */;
			compatibilityVersion = "Xcode 3.2";
			developmentRegion = English;
			hasScannedForEncodings = 0;
			knownRegions = (
				en,
				Base,
			);
			mainGroup = 00804D8B1C1CD6F60086BDAF;
			productRefGroup = 00804D951C1CD6F70086BDAF /* Products */;
			projectDirPath = "";
			projectRoot = "";
			targets = (
				00804D931C1CD6F70086BDAF /* TestingNSUserDefault */,
			);
		};
/* End PBXProject section */

/* Begin PBXResourcesBuildPhase section */
		00804D921C1CD6F70086BDAF /* Resources */ = {
			isa = PBXResourcesBuildPhase;
			buildActionMask = 2147483647;
			files = (
				00804DA21C1CD6F70086BDAF /* LaunchScreen.storyboard in Resources */,
				00804D9F1C1CD6F70086BDAF /* Assets.xcassets in Resources */,
				00804D9D1C1CD6F70086BDAF /* Main.storyboard in Resources */,
			);
			runOnlyForDeploymentPostprocessing = 0;
		};
/* End PBXResourcesBuildPhase section */

/* Begin PBXSourcesBuildPhase section */
		00804D901C1CD6F70086BDAF /* Sources */ = {
			isa = PBXSourcesBuildPhase;
			buildActionMask = 2147483647;
			files = (
				00804D9A1C1CD6F70086BDAF /* ViewController.swift in Sources */,
				00804D981C1CD6F70086BDAF /* AppDelegate.swift in Sources */,
			);
			runOnlyForDeploymentPostprocessing = 0;
		};
/* End PBXSourcesBuildPhase section */

/* Begin PBXVariantGroup section */
		00804D9B1C1CD6F70086BDAF /* Main.storyboard */ = {
			isa = PBXVariantGroup;
			children = (
				00804D9C1C1CD6F70086BDAF /* Base */,
			);
			name = Main.storyboard;
			sourceTree = "<group>";
		};
		00804DA01C1CD6F70086BDAF /* LaunchScreen.storyboard */ = {
			isa = PBXVariantGroup;
			children = (
				00804DA11C1CD6F70086BDAF /* Base */,
			);
			name = LaunchScreen.storyboard;
			sourceTree = "<group>";
		};
/* End PBXVariantGroup section */

/* Begin XCBuildConfiguration section */
		00804DA41C1CD6F70086BDAF /* Debug */ = {
			isa = XCBuildConfiguration;
			buildSettings = {
				ALWAYS_SEARCH_USER_PATHS = NO;
				CLANG_CXX_LANGUAGE_STANDARD = "gnu++0x";
				CLANG_CXX_LIBRARY = "libc++";
				CLANG_ENABLE_MODULES = YES;
				CLANG_ENABLE_OBJC_ARC = YES;
				CLANG_WARN_BOOL_CONVERSION = YES;
				CLANG_WARN_CONSTANT_CONVERSION = YES;
				CLANG_WARN_DIRECT_OBJC_ISA_USAGE = YES_ERROR;
				CLANG_WARN_EMPTY_BODY = YES;
				CLANG_WARN_ENUM_CONVERSION = YES;
				CLANG_WARN_INT_CONVERSION = YES;
				CLANG_WARN_OBJC_ROOT_CLASS = YES_ERROR;
				CLANG_WARN_UNREACHABLE_CODE = YES;
				CLANG_WARN__DUPLICATE_METHOD_MATCH = YES;
				"CODE_SIGN_IDENTITY[sdk=iphoneos*]" = "iPhone Developer";
				COPY_PHASE_STRIP = NO;
				DEBUG_INFORMATION_FORMAT = dwarf;
				ENABLE_STRICT_OBJC_MSGSEND = YES;
				ENABLE_TESTABILITY = YES;
				GCC_C_LANGUAGE_STANDARD = gnu99;
				GCC_DYNAMIC_NO_PIC = NO;
				GCC_NO_COMMON_BLOCKS = YES;
				GCC_OPTIMIZATION_LEVEL = 0;
				GCC_PREPROCESSOR_DEFINITIONS = (
					"DEBUG=1",
					"$(inherited)",
				);
				GCC_WARN_64_TO_32_BIT_CONVERSION = YES;
				GCC_WARN_ABOUT_RETURN_TYPE = YES_ERROR;
				GCC_WARN_UNDECLARED_SELECTOR = YES;
				GCC_WARN_UNINITIALIZED_AUTOS = YES_AGGRESSIVE;
				GCC_WARN_UNUSED_FUNCTION = YES;
				GCC_WARN_UNUSED_VARIABLE = YES;
				IPHONEOS_DEPLOYMENT_TARGET = 9.1;
				MTL_ENABLE_DEBUG_INFO = YES;
				ONLY_ACTIVE_ARCH = YES;
				SDKROOT = iphoneos;
				SWIFT_OPTIMIZATION_LEVEL = "-Onone";
			};
			name = Debug;
		};
		00804DA51C1CD6F70086BDAF /* Release */ = {
			isa = XCBuildConfiguration;
			buildSettings = {
				ALWAYS_SEARCH_USER_PATHS = NO;
				CLANG_CXX_LANGUAGE_STANDARD = "gnu++0x";
				CLANG_CXX_LIBRARY = "libc++";
				CLANG_ENABLE_MODULES = YES;
				CLANG_ENABLE_OBJC_ARC = YES;
				CLANG_WARN_BOOL_CONVERSION = YES;
				CLANG_WARN_CONSTANT_CONVERSION = YES;
				CLANG_WARN_DIRECT_OBJC_ISA_USAGE = YES_ERROR;
				CLANG_WARN_EMPTY_BODY = YES;
				CLANG_WARN_ENUM_CONVERSION = YES;
				CLANG_WARN_INT_CONVERSION = YES;
				CLANG_WARN_OBJC_ROOT_CLASS = YES_ERROR;
				CLANG_WARN_UNREACHABLE_CODE = YES;
				CLANG_WARN__DUPLICATE_METHOD_MATCH = YES;
				"CODE_SIGN_IDENTITY[sdk=iphoneos*]" = "iPhone Developer";
				COPY_PHASE_STRIP = NO;
				DEBUG_INFORMATION_FORMAT = "dwarf-with-dsym";
				ENABLE_NS_ASSERTIONS = NO;
				ENABLE_STRICT_OBJC_MSGSEND = YES;
				GCC_C_LANGUAGE_STANDARD = gnu99;
				GCC_NO_COMMON_BLOCKS = YES;
				GCC_WARN_64_TO_32_BIT_CONVERSION = YES;
				GCC_WARN_ABOUT_RETURN_TYPE = YES_ERROR;
				GCC_WARN_UNDECLARED_SELECTOR = YES;
				GCC_WARN_UNINITIALIZED_AUTOS = YES_AGGRESSIVE;
				GCC_WARN_UNUSED_FUNCTION = YES;
				GCC_WARN_UNUSED_VARIABLE = YES;
				IPHONEOS_DEPLOYMENT_TARGET = 9.1;
				MTL_ENABLE_DEBUG_INFO = NO;
				SDKROOT = iphoneos;
				VALIDATE_PRODUCT = YES;
			};
			name = Release;
		};
		00804DA71C1CD6F70086BDAF /* Debug */ = {
			isa = XCBuildConfiguration;
			buildSettings = {
				ASSETCATALOG_COMPILER_APPICON_NAME = AppIcon;
				INFOPLIST_FILE = TestingNSUserDefault/Info.plist;
				LD_RUNPATH_SEARCH_PATHS = "$(inherited) @executable_path/Frameworks";
				PRODUCT_BUNDLE_IDENTIFIER = practicingSwift.TestingNSUserDefault;
				PRODUCT_NAME = "$(TARGET_NAME)";
			};
			name = Debug;
		};
		00804DA81C1CD6F70086BDAF /* Release */ = {
			isa = XCBuildConfiguration;
			buildSettings = {
				ASSETCATALOG_COMPILER_APPICON_NAME = AppIcon;
				INFOPLIST_FILE = TestingNSUserDefault/Info.plist;
				LD_RUNPATH_SEARCH_PATHS = "$(inherited) @executable_path/Frameworks";
				PRODUCT_BUNDLE_IDENTIFIER = practicingSwift.TestingNSUserDefault;
				PRODUCT_NAME = "$(TARGET_NAME)";
			};
			name = Release;
		};
/* End XCBuildConfiguration section */

/* Begin XCConfigurationList section */
		00804D8F1C1CD6F60086BDAF /* Build configuration list for PBXProject "TestingNSUserDefault" */ = {
			isa = XCConfigurationList;
			buildConfigurations = (
				00804DA41C1CD6F70086BDAF /* Debug */,
				00804DA51C1CD6F70086BDAF /* Release */,
			);
			defaultConfigurationIsVisible = 0;
			defaultConfigurationName = Release;
		};
		00804DA61C1CD6F70086BDAF /* Build configuration list for PBXNativeTarget "TestingNSUserDefault" */ = {
			isa = XCConfigurationList;
			buildConfigurations = (
				00804DA71C1CD6F70086BDAF /* Debug */,
				00804DA81C1CD6F70086BDAF /* Release */,
			);
			defaultConfigurationIsVisible = 0;
		};
/* End XCConfigurationList section */
	};
	rootObject = 00804D8C1C1CD6F60086BDAF /* Project object */;
}
