// !$*UTF8*$!
{
	archiveVersion = 1;
	classes = {
	};
	objectVersion = 46;
	objects = {

/* Begin PBXBuildFile section */
		00804DB61C1D1F6A0086BDAF /* AppDelegate.swift in Sources */ = {isa = PBXBuildFile; fileRef = 00804DB51C1D1F6A0086BDAF /* AppDelegate.swift */; };
		00804DB81C1D1F6A0086BDAF /* ViewController.swift in Sources */ = {isa = PBXBuildFile; fileRef = 00804DB71C1D1F6A0086BDAF /* ViewController.swift */; };
		00804DBB1C1D1F6A0086BDAF /* Main.storyboard in Resources */ = {isa = PBXBuildFile; fileRef = 00804DB91C1D1F6A0086BDAF /* Main.storyboard */; };
		00804DBD1C1D1F6A0086BDAF /* Assets.xcassets in Resources */ = {isa = PBXBuildFile; fileRef = 00804DBC1C1D1F6A0086BDAF /* Assets.xcassets */; };
		00804DC01C1D1F6A0086BDAF /* LaunchScreen.storyboard in Resources */ = {isa = PBXBuildFile; fileRef = 00804DBE1C1D1F6A0086BDAF /* LaunchScreen.storyboard */; };
/* End PBXBuildFile section */

/* Begin PBXFileReference section */
		00804DB21C1D1F6A0086BDAF /* ImageFilter.app */ = {isa = PBXFileReference; explicitFileType = wrapper.application; includeInIndex = 0; path = ImageFilter.app; sourceTree = BUILT_PRODUCTS_DIR; };
		00804DB51C1D1F6A0086BDAF /* AppDelegate.swift */ = {isa = PBXFileReference; lastKnownFileType = sourcecode.swift; path = AppDelegate.swift; sourceTree = "<group>"; };
		00804DB71C1D1F6A0086BDAF /* ViewController.swift */ = {isa = PBXFileReference; lastKnownFileType = sourcecode.swift; path = ViewController.swift; sourceTree = "<group>"; };
		00804DBA1C1D1F6A0086BDAF /* Base */ = {isa = PBXFileReference; lastKnownFileType = file.storyboard; name = Base; path = Base.lproj/Main.storyboard; sourceTree = "<group>"; };
		00804DBC1C1D1F6A0086BDAF /* Assets.xcassets */ = {isa = PBXFileReference; lastKnownFileType = folder.assetcatalog; path = Assets.xcassets; sourceTree = "<group>"; };
		00804DBF1C1D1F6A0086BDAF /* Base */ = {isa = PBXFileReference; lastKnownFileType = file.storyboard; name = Base; path = Base.lproj/LaunchScreen.storyboard; sourceTree = "<group>"; };
		00804DC11C1D1F6A0086BDAF /* Info.plist */ = {isa = PBXFileReference; lastKnownFileType = text.plist.xml; path = Info.plist; sourceTree = "<group>"; };
/* End PBXFileReference section */

/* Begin PBXFrameworksBuildPhase section */
		00804DAF1C1D1F6A0086BDAF /* Frameworks */ = {
			isa = PBXFrameworksBuildPhase;
			buildActionMask = 2147483647;
			files = (
			);
			runOnlyForDeploymentPostprocessing = 0;
		};
/* End PBXFrameworksBuildPhase section */

/* Begin PBXGroup section */
		00804DA91C1D1F6A0086BDAF = {
			isa = PBXGroup;
			children = (
				00804DB41C1D1F6A0086BDAF /* ImageFilter */,
				00804DB31C1D1F6A0086BDAF /* Products */,
			);
			sourceTree = "<group>";
		};
		00804DB31C1D1F6A0086BDAF /* Products */ = {
			isa = PBXGroup;
			children = (
				00804DB21C1D1F6A0086BDAF /* ImageFilter.app */,
			);
			name = Products;
			sourceTree = "<group>";
		};
		00804DB41C1D1F6A0086BDAF /* ImageFilter */ = {
			isa = PBXGroup;
			children = (
				00804DB51C1D1F6A0086BDAF /* AppDelegate.swift */,
				00804DB71C1D1F6A0086BDAF /* ViewController.swift */,
				00804DB91C1D1F6A0086BDAF /* Main.storyboard */,
				00804DBC1C1D1F6A0086BDAF /* Assets.xcassets */,
				00804DBE1C1D1F6A0086BDAF /* LaunchScreen.storyboard */,
				00804DC11C1D1F6A0086BDAF /* Info.plist */,
			);
			path = ImageFilter;
			sourceTree = "<group>";
		};
/* End PBXGroup section */

/* Begin PBXNativeTarget section */
		00804DB11C1D1F6A0086BDAF /* ImageFilter */ = {
			isa = PBXNativeTarget;
			buildConfigurationList = 00804DC41C1D1F6A0086BDAF /* Build configuration list for PBXNativeTarget "ImageFilter" */;
			buildPhases = (
				00804DAE1C1D1F6A0086BDAF /* Sources */,
				00804DAF1C1D1F6A0086BDAF /* Frameworks */,
				00804DB01C1D1F6A0086BDAF /* Resources */,
			);
			buildRules = (
			);
			dependencies = (
			);
			name = ImageFilter;
			productName = ImageFilter;
			productReference = 00804DB21C1D1F6A0086BDAF /* ImageFilter.app */;
			productType = "com.apple.product-type.application";
		};
/* End PBXNativeTarget section */

/* Begin PBXProject section */
		00804DAA1C1D1F6A0086BDAF /* Project object */ = {
			isa = PBXProject;
			attributes = {
				LastSwiftUpdateCheck = 0710;
				LastUpgradeCheck = 0710;
				ORGANIZATIONNAME = bromodachi;
				TargetAttributes = {
					00804DB11C1D1F6A0086BDAF = {
						CreatedOnToolsVersion = 7.1.1;
					};
				};
			};
			buildConfigurationList = 00804DAD1C1D1F6A0086BDAF /* Build configuration list for PBXProject "ImageFilter" */;
			compatibilityVersion = "Xcode 3.2";
			developmentRegion = English;
			hasScannedForEncodings = 0;
			knownRegions = (
				en,
				Base,
			);
			mainGroup = 00804DA91C1D1F6A0086BDAF;
			productRefGroup = 00804DB31C1D1F6A0086BDAF /* Products */;
			projectDirPath = "";
			projectRoot = "";
			targets = (
				00804DB11C1D1F6A0086BDAF /* ImageFilter */,
			);
		};
/* End PBXProject section */

/* Begin PBXResourcesBuildPhase section */
		00804DB01C1D1F6A0086BDAF /* Resources */ = {
			isa = PBXResourcesBuildPhase;
			buildActionMask = 2147483647;
			files = (
				00804DC01C1D1F6A0086BDAF /* LaunchScreen.storyboard in Resources */,
				00804DBD1C1D1F6A0086BDAF /* Assets.xcassets in Resources */,
				00804DBB1C1D1F6A0086BDAF /* Main.storyboard in Resources */,
			);
			runOnlyForDeploymentPostprocessing = 0;
		};
/* End PBXResourcesBuildPhase section */

/* Begin PBXSourcesBuildPhase section */
		00804DAE1C1D1F6A0086BDAF /* Sources */ = {
			isa = PBXSourcesBuildPhase;
			buildActionMask = 2147483647;
			files = (
				00804DB81C1D1F6A0086BDAF /* ViewController.swift in Sources */,
				00804DB61C1D1F6A0086BDAF /* AppDelegate.swift in Sources */,
			);
			runOnlyForDeploymentPostprocessing = 0;
		};
/* End PBXSourcesBuildPhase section */

/* Begin PBXVariantGroup section */
		00804DB91C1D1F6A0086BDAF /* Main.storyboard */ = {
			isa = PBXVariantGroup;
			children = (
				00804DBA1C1D1F6A0086BDAF /* Base */,
			);
			name = Main.storyboard;
			sourceTree = "<group>";
		};
		00804DBE1C1D1F6A0086BDAF /* LaunchScreen.storyboard */ = {
			isa = PBXVariantGroup;
			children = (
				00804DBF1C1D1F6A0086BDAF /* Base */,
			);
			name = LaunchScreen.storyboard;
			sourceTree = "<group>";
		};
/* End PBXVariantGroup section */

/* Begin XCBuildConfiguration section */
		00804DC21C1D1F6A0086BDAF /* Debug */ = {
			isa = XCBuildConfiguration;
			buildSettings = {
				ALWAYS_SEARCH_USER_PATHS = NO;
				CLANG_CXX_LANGUAGE_STANDARD = "gnu++0x";
				CLANG_CXX_LIBRARY = "libc++";
				CLANG_ENABLE_MODULES = YES;
				CLANG_ENABLE_OBJC_ARC = YES;
				CLANG_WARN_BOOL_CONVERSION = YES;
				CLANG_WARN_CONSTANT_CONVERSION = YES;
				CLANG_WARN_DIRECT_OBJC_ISA_USAGE = YES_ERROR;
				CLANG_WARN_EMPTY_BODY = YES;
				CLANG_WARN_ENUM_CONVERSION = YES;
				CLANG_WARN_INT_CONVERSION = YES;
				CLANG_WARN_OBJC_ROOT_CLASS = YES_ERROR;
				CLANG_WARN_UNREACHABLE_CODE = YES;
				CLANG_WARN__DUPLICATE_METHOD_MATCH = YES;
				"CODE_SIGN_IDENTITY[sdk=iphoneos*]" = "iPhone Developer";
				COPY_PHASE_STRIP = NO;
				DEBUG_INFORMATION_FORMAT = dwarf;
				ENABLE_STRICT_OBJC_MSGSEND = YES;
				ENABLE_TESTABILITY = YES;
				GCC_C_LANGUAGE_STANDARD = gnu99;
				GCC_DYNAMIC_NO_PIC = NO;
				GCC_NO_COMMON_BLOCKS = YES;
				GCC_OPTIMIZATION_LEVEL = 0;
				GCC_PREPROCESSOR_DEFINITIONS = (
					"DEBUG=1",
					"$(inherited)",
				);
				GCC_WARN_64_TO_32_BIT_CONVERSION = YES;
				GCC_WARN_ABOUT_RETURN_TYPE = YES_ERROR;
				GCC_WARN_UNDECLARED_SELECTOR = YES;
				GCC_WARN_UNINITIALIZED_AUTOS = YES_AGGRESSIVE;
				GCC_WARN_UNUSED_FUNCTION = YES;
				GCC_WARN_UNUSED_VARIABLE = YES;
				IPHONEOS_DEPLOYMENT_TARGET = 9.1;
				MTL_ENABLE_DEBUG_INFO = YES;
				ONLY_ACTIVE_ARCH = YES;
				SDKROOT = iphoneos;
				SWIFT_OPTIMIZATION_LEVEL = "-Onone";
			};
			name = Debug;
		};
		00804DC31C1D1F6A0086BDAF /* Release */ = {
			isa = XCBuildConfiguration;
			buildSettings = {
				ALWAYS_SEARCH_USER_PATHS = NO;
				CLANG_CXX_LANGUAGE_STANDARD = "gnu++0x";
				CLANG_CXX_LIBRARY = "libc++";
				CLANG_ENABLE_MODULES = YES;
				CLANG_ENABLE_OBJC_ARC = YES;
				CLANG_WARN_BOOL_CONVERSION = YES;
				CLANG_WARN_CONSTANT_CONVERSION = YES;
				CLANG_WARN_DIRECT_OBJC_ISA_USAGE = YES_ERROR;
				CLANG_WARN_EMPTY_BODY = YES;
				CLANG_WARN_ENUM_CONVERSION = YES;
				CLANG_WARN_INT_CONVERSION = YES;
				CLANG_WARN_OBJC_ROOT_CLASS = YES_ERROR;
				CLANG_WARN_UNREACHABLE_CODE = YES;
				CLANG_WARN__DUPLICATE_METHOD_MATCH = YES;
				"CODE_SIGN_IDENTITY[sdk=iphoneos*]" = "iPhone Developer";
				COPY_PHASE_STRIP = NO;
				DEBUG_INFORMATION_FORMAT = "dwarf-with-dsym";
				ENABLE_NS_ASSERTIONS = NO;
				ENABLE_STRICT_OBJC_MSGSEND = YES;
				GCC_C_LANGUAGE_STANDARD = gnu99;
				GCC_NO_COMMON_BLOCKS = YES;
				GCC_WARN_64_TO_32_BIT_CONVERSION = YES;
				GCC_WARN_ABOUT_RETURN_TYPE = YES_ERROR;
				GCC_WARN_UNDECLARED_SELECTOR = YES;
				GCC_WARN_UNINITIALIZED_AUTOS = YES_AGGRESSIVE;
				GCC_WARN_UNUSED_FUNCTION = YES;
				GCC_WARN_UNUSED_VARIABLE = YES;
				IPHONEOS_DEPLOYMENT_TARGET = 9.1;
				MTL_ENABLE_DEBUG_INFO = NO;
				SDKROOT = iphoneos;
				VALIDATE_PRODUCT = YES;
			};
			name = Release;
		};
		00804DC51C1D1F6A0086BDAF /* Debug */ = {
			isa = XCBuildConfiguration;
			buildSettings = {
				ASSETCATALOG_COMPILER_APPICON_NAME = AppIcon;
				INFOPLIST_FILE = ImageFilter/Info.plist;
				LD_RUNPATH_SEARCH_PATHS = "$(inherited) @executable_path/Frameworks";
				PRODUCT_BUNDLE_IDENTIFIER = practicingSwift.ImageFilter;
				PRODUCT_NAME = "$(TARGET_NAME)";
			};
			name = Debug;
		};
		00804DC61C1D1F6A0086BDAF /* Release */ = {
			isa = XCBuildConfiguration;
			buildSettings = {
				ASSETCATALOG_COMPILER_APPICON_NAME = AppIcon;
				INFOPLIST_FILE = ImageFilter/Info.plist;
				LD_RUNPATH_SEARCH_PATHS = "$(inherited) @executable_path/Frameworks";
				PRODUCT_BUNDLE_IDENTIFIER = practicingSwift.ImageFilter;
				PRODUCT_NAME = "$(TARGET_NAME)";
			};
			name = Release;
		};
/* End XCBuildConfiguration section */

/* Begin XCConfigurationList section */
		00804DAD1C1D1F6A0086BDAF /* Build configuration list for PBXProject "ImageFilter" */ = {
			isa = XCConfigurationList;
			buildConfigurations = (
				00804DC21C1D1F6A0086BDAF /* Debug */,
				00804DC31C1D1F6A0086BDAF /* Release */,
			);
			defaultConfigurationIsVisible = 0;
			defaultConfigurationName = Release;
		};
		00804DC41C1D1F6A0086BDAF /* Build configuration list for PBXNativeTarget "ImageFilter" */ = {
			isa = XCConfigurationList;
			buildConfigurations = (
				00804DC51C1D1F6A0086BDAF /* Debug */,
				00804DC61C1D1F6A0086BDAF /* Release */,
			);
			defaultConfigurationIsVisible = 0;
		};
/* End XCConfigurationList section */
	};
	rootObject = 00804DAA1C1D1F6A0086BDAF /* Project object */;
}
